
Microsoft Visual Studio Solution File, Format Version 12.00
# Visual Studio 15
VisualStudioVersion = 15.0.27703.2035
MinimumVisualStudioVersion = 10.0.40219.1
Project("{FAE04EC0-301F-11D3-BF4B-00C04F79EFBC}") = "SchedulesTable", "SchedulesTable\SchedulesTable.csproj", "{371D15B8-ACA8-45C8-843F-98B6975AA04A}"
EndProject
Global
	GlobalSection(SolutionConfigurationPlatforms) = preSolution
		Debug|Any CPU = Debug|Any CPU
		Release|Any CPU = Release|Any CPU
	EndGlobalSection
	GlobalSection(ProjectConfigurationPlatforms) = postSolution
		{371D15B8-ACA8-45C8-843F-98B6975AA04A}.Debug|Any CPU.ActiveCfg = Debug|Any CPU
		{371D15B8-ACA8-45C8-843F-98B6975AA04A}.Debug|Any CPU.Build.0 = Debug|Any CPU
		{371D15B8-ACA8-45C8-843F-98B6975AA04A}.Release|Any CPU.ActiveCfg = Release|Any CPU
		{371D15B8-ACA8-45C8-843F-98B6975AA04A}.Release|Any CPU.Build.0 = Release|Any CPU
	EndGlobalSection
	GlobalSection(SolutionProperties) = preSolution
		HideSolutionNode = FALSE
	EndGlobalSection
	GlobalSection(ExtensibilityGlobals) = postSolution
		SolutionGuid = {34A57D76-9032-4E72-81C2-056CC892816E}
	EndGlobalSection
EndGlobal
